PODS:
  - Alamofire (5.1.0)
  - AWSAuthCore (2.19.1):
    - AWSCore (= 2.19.1)
  - AWSCognito (2.19.1):
    - AWSCore (= 2.19.1)
  - AWSCognitoIdentityProvider (2.19.1):
    - AWSCognitoIdentityProviderASF (= 2.19.1)
    - AWSCore (= 2.19.1)
  - AWSCognitoIdentityProviderASF (2.19.1)
  - AWSCore (2.19.1)
  - AWSMobileClient (2.19.1):
    - AWSAuthCore (= 2.19.1)
    - AWSCognitoIdentityProvider (= 2.19.1)
    - AWSCognitoIdentityProviderASF (= 2.19.1)
    - AWSCore (= 2.19.1)
  - AWSPinpoint (2.19.1):
    - AWSCore (= 2.19.1)
  - DropDown (2.3.13)
  - IQKeyboardManagerSwift (6.5.6)
  - LGSideMenuController (3.1.1)
  - NVActivityIndicatorView (5.1.1):
    - NVActivityIndicatorView/Base (= 5.1.1)
  - NVActivityIndicatorView/Base (5.1.1)
  - SDWebImage (5.11.0):
    - SDWebImage/Core (= 5.11.0)
  - SDWebImage/Core (5.11.0)
  - SwiftKeychainWrapper (4.0.1)

DEPENDENCIES:
  - Alamofire (~> 5.1.0)
  - AWSCognito
  - AWSMobileClient
  - AWSPinpoint
  - DropDown
  - IQKeyboardManagerSwift
  - LGSideMenuController
  - NVActivityIndicatorView
  - SDWebImage
  - SwiftKeychainWrapper

SPEC REPOS:
  trunk:
    - Alamofire
    - AWSAuthCore
    - AWSCognito
    - AWSCognitoIdentityProvider
    - AWSCognitoIdentityProviderASF
    - AWSCore
    - AWSMobileClient
    - AWSPinpoint
    - DropDown
    - IQKeyboardManagerSwift
    - LGSideMenuController
    - NVActivityIndicatorView
    - SDWebImage
    - SwiftKeychainWrapper

SPEC CHECKSUMS:
  Alamofire: 9d5c5f602928e512395b30950c5984eca840093c
  AWSAuthCore: 387c5e3482edbbb0fe754fa110a2a0203c783432
  AWSCognito: f50de600804941d083af37a7568905f31a774727
  AWSCognitoIdentityProvider: e6932c709d3e0b234128aeb5f2052c9bf1032d8d
  AWSCognitoIdentityProviderASF: 749f58b75e69f7f0144b9d38539525562b843d34
  AWSCore: 55c154ae27efc5c98bdc30a0eeea5a35d10a2ab5
  AWSMobileClient: b908cada3c35da9cfe5b4ff9947fcf70142495e7
  AWSPinpoint: 8c07b9759eebe269a5b26d38a96f5ecd5478b1fb
  DropDown: 8a2116376c1981888557f72ec2ffc9a5e0e456ec
  IQKeyboardManagerSwift: c7df9d2deb356c04522f5c4b7b6e4ce4d8ed94fe
  LGSideMenuController: 04c679441ea9a9ba5df6a48a5b43b340a1d5caaa
  NVActivityIndicatorView: 1f6c5687f1171810aa27a3296814dc2d7dec3667
  SDWebImage: 7acbb57630ac7db4a495547fb73916ff3e432f6b
  SwiftKeychainWrapper: 807ba1d63c33a7d0613288512399cd1eda1e470c

PODFILE CHECKSUM: b2cf657dd587c154ac7441551eacba40565404cb

COCOAPODS: 1.11.3
